// !$*UTF8*$!
{
	archiveVersion = 1;
	classes = {
	};
	objectVersion = 46;
	objects = {

/* Begin PBXBuildFile section */
		5971DBC11C8DEEBB000B157F /* AppDelegate.swift in Sources */ = {isa = PBXBuildFile; fileRef = 5971DBC01C8DEEBB000B157F /* AppDelegate.swift */; };
		5971DBC31C8DEEBB000B157F /* ViewController.swift in Sources */ = {isa = PBXBuildFile; fileRef = 5971DBC21C8DEEBB000B157F /* ViewController.swift */; };
		5971DBC61C8DEEBB000B157F /* Main.storyboard in Resources */ = {isa = PBXBuildFile; fileRef = 5971DBC41C8DEEBB000B157F /* Main.storyboard */; };
		5971DBC81C8DEEBB000B157F /* Assets.xcassets in Resources */ = {isa = PBXBuildFile; fileRef = 5971DBC71C8DEEBB000B157F /* Assets.xcassets */; };
		5971DBCB1C8DEEBB000B157F /* LaunchScreen.storyboard in Resources */ = {isa = PBXBuildFile; fileRef = 5971DBC91C8DEEBB000B157F /* LaunchScreen.storyboard */; };
		5971DBD31C8DF904000B157F /* String+Searching.swift in Sources */ = {isa = PBXBuildFile; fileRef = 5971DBD21C8DF904000B157F /* String+Searching.swift */; };
		5971DBD61C8E1A2E000B157F /* UITextView+Range.swift in Sources */ = {isa = PBXBuildFile; fileRef = 5971DBD51C8E1A2E000B157F /* UITextView+Range.swift */; };
		5971DBD81C8E1A3F000B157F /* NSRange+Range.swift in Sources */ = {isa = PBXBuildFile; fileRef = 5971DBD71C8E1A3F000B157F /* NSRange+Range.swift */; };
/* End PBXBuildFile section */

/* Begin PBXFileReference section */
		5971DBBD1C8DEEBB000B157F /* NumberedLists.app */ = {isa = PBXFileReference; explicitFileType = wrapper.application; includeInIndex = 0; path = NumberedLists.app; sourceTree = BUILT_PRODUCTS_DIR; };
		5971DBC01C8DEEBB000B157F /* AppDelegate.swift */ = {isa = PBXFileReference; lastKnownFileType = sourcecode.swift; path = AppDelegate.swift; sourceTree = "<group>"; };
		5971DBC21C8DEEBB000B157F /* ViewController.swift */ = {isa = PBXFileReference; lastKnownFileType = sourcecode.swift; path = ViewController.swift; sourceTree = "<group>"; };
		5971DBC51C8DEEBB000B157F /* Base */ = {isa = PBXFileReference; lastKnownFileType = file.storyboard; name = Base; path = Base.lproj/Main.storyboard; sourceTree = "<group>"; };
		5971DBC71C8DEEBB000B157F /* Assets.xcassets */ = {isa = PBXFileReference; lastKnownFileType = folder.assetcatalog; path = Assets.xcassets; sourceTree = "<group>"; };
		5971DBCA1C8DEEBB000B157F /* Base */ = {isa = PBXFileReference; lastKnownFileType = file.storyboard; name = Base; path = Base.lproj/LaunchScreen.storyboard; sourceTree = "<group>"; };
		5971DBCC1C8DEEBB000B157F /* Info.plist */ = {isa = PBXFileReference; lastKnownFileType = text.plist.xml; path = Info.plist; sourceTree = "<group>"; };
		5971DBD21C8DF904000B157F /* String+Searching.swift */ = {isa = PBXFileReference; fileEncoding = 4; lastKnownFileType = sourcecode.swift; path = "String+Searching.swift"; sourceTree = "<group>"; };
		5971DBD51C8E1A2E000B157F /* UITextView+Range.swift */ = {isa = PBXFileReference; fileEncoding = 4; lastKnownFileType = sourcecode.swift; path = "UITextView+Range.swift"; sourceTree = "<group>"; };
		5971DBD71C8E1A3F000B157F /* NSRange+Range.swift */ = {isa = PBXFileReference; fileEncoding = 4; lastKnownFileType = sourcecode.swift; path = "NSRange+Range.swift"; sourceTree = "<group>"; };
/* End PBXFileReference section */

/* Begin PBXFrameworksBuildPhase section */
		5971DBBA1C8DEEBB000B157F /* Frameworks */ = {
			isa = PBXFrameworksBuildPhase;
			buildActionMask = 2147483647;
			files = (
			);
			runOnlyForDeploymentPostprocessing = 0;
		};
/* End PBXFrameworksBuildPhase section */

/* Begin PBXGroup section */
		5971DBB41C8DEEBB000B157F = {
			isa = PBXGroup;
			children = (
				5971DBBF1C8DEEBB000B157F /* NumberedLists */,
				5971DBBE1C8DEEBB000B157F /* Products */,
			);
			sourceTree = "<group>";
		};
		5971DBBE1C8DEEBB000B157F /* Products */ = {
			isa = PBXGroup;
			children = (
				5971DBBD1C8DEEBB000B157F /* NumberedLists.app */,
			);
			name = Products;
			sourceTree = "<group>";
		};
		5971DBBF1C8DEEBB000B157F /* NumberedLists */ = {
			isa = PBXGroup;
			children = (
				5971DBC01C8DEEBB000B157F /* AppDelegate.swift */,
				5971DBC21C8DEEBB000B157F /* ViewController.swift */,
				5971DBC41C8DEEBB000B157F /* Main.storyboard */,
				5971DBC71C8DEEBB000B157F /* Assets.xcassets */,
				5971DBC91C8DEEBB000B157F /* LaunchScreen.storyboard */,
				5971DBCC1C8DEEBB000B157F /* Info.plist */,
				5971DBD41C8E1A1D000B157F /* Util */,
			);
			path = NumberedLists;
			sourceTree = "<group>";
		};
		5971DBD41C8E1A1D000B157F /* Util */ = {
			isa = PBXGroup;
			children = (
				5971DBD21C8DF904000B157F /* String+Searching.swift */,
				5971DBD51C8E1A2E000B157F /* UITextView+Range.swift */,
				5971DBD71C8E1A3F000B157F /* NSRange+Range.swift */,
			);
			name = Util;
			sourceTree = "<group>";
		};
/* End PBXGroup section */

/* Begin PBXNativeTarget section */
		5971DBBC1C8DEEBB000B157F /* NumberedLists */ = {
			isa = PBXNativeTarget;
			buildConfigurationList = 5971DBCF1C8DEEBB000B157F /* Build configuration list for PBXNativeTarget "NumberedLists" */;
			buildPhases = (
				5971DBB91C8DEEBB000B157F /* Sources */,
				5971DBBA1C8DEEBB000B157F /* Frameworks */,
				5971DBBB1C8DEEBB000B157F /* Resources */,
			);
			buildRules = (
			);
			dependencies = (
			);
			name = NumberedLists;
			productName = NumberedLists;
			productReference = 5971DBBD1C8DEEBB000B157F /* NumberedLists.app */;
			productType = "com.apple.product-type.application";
		};
/* End PBXNativeTarget section */

/* Begin PBXProject section */
		5971DBB51C8DEEBB000B157F /* Project object */ = {
			isa = PBXProject;
			attributes = {
				LastSwiftUpdateCheck = 0720;
				LastUpgradeCheck = 0720;
				ORGANIZATIONNAME = LyokoTech;
				TargetAttributes = {
					5971DBBC1C8DEEBB000B157F = {
						CreatedOnToolsVersion = 7.2.1;
					};
				};
			};
			buildConfigurationList = 5971DBB81C8DEEBB000B157F /* Build configuration list for PBXProject "NumberedLists" */;
			compatibilityVersion = "Xcode 3.2";
			developmentRegion = English;
			hasScannedForEncodings = 0;
			knownRegions = (
				en,
				Base,
			);
			mainGroup = 5971DBB41C8DEEBB000B157F;
			productRefGroup = 5971DBBE1C8DEEBB000B157F /* Products */;
			projectDirPath = "";
			projectRoot = "";
			targets = (
				5971DBBC1C8DEEBB000B157F /* NumberedLists */,
			);
		};
/* End PBXProject section */

/* Begin PBXResourcesBuildPhase section */
		5971DBBB1C8DEEBB000B157F /* Resources */ = {
			isa = PBXResourcesBuildPhase;
			buildActionMask = 2147483647;
			files = (
				5971DBCB1C8DEEBB000B157F /* LaunchScreen.storyboard in Resources */,
				5971DBC81C8DEEBB000B157F /* Assets.xcassets in Resources */,
				5971DBC61C8DEEBB000B157F /* Main.storyboard in Resources */,
			);
			runOnlyForDeploymentPostprocessing = 0;
		};
/* End PBXResourcesBuildPhase section */

/* Begin PBXSourcesBuildPhase section */
		5971DBB91C8DEEBB000B157F /* Sources */ = {
			isa = PBXSourcesBuildPhase;
			buildActionMask = 2147483647;
			files = (
				5971DBD31C8DF904000B157F /* String+Searching.swift in Sources */,
				5971DBC31C8DEEBB000B157F /* ViewController.swift in Sources */,
				5971DBD81C8E1A3F000B157F /* NSRange+Range.swift in Sources */,
				5971DBC11C8DEEBB000B157F /* AppDelegate.swift in Sources */,
				5971DBD61C8E1A2E000B157F /* UITextView+Range.swift in Sources */,
			);
			runOnlyForDeploymentPostprocessing = 0;
		};
/* End PBXSourcesBuildPhase section */

/* Begin PBXVariantGroup section */
		5971DBC41C8DEEBB000B157F /* Main.storyboard */ = {
			isa = PBXVariantGroup;
			children = (
				5971DBC51C8DEEBB000B157F /* Base */,
			);
			name = Main.storyboard;
			sourceTree = "<group>";
		};
		5971DBC91C8DEEBB000B157F /* LaunchScreen.storyboard */ = {
			isa = PBXVariantGroup;
			children = (
				5971DBCA1C8DEEBB000B157F /* Base */,
			);
			name = LaunchScreen.storyboard;
			sourceTree = "<group>";
		};
/* End PBXVariantGroup section */

/* Begin XCBuildConfiguration section */
		5971DBCD1C8DEEBB000B157F /* Debug */ = {
			isa = XCBuildConfiguration;
			buildSettings = {
				ALWAYS_SEARCH_USER_PATHS = NO;
				CLANG_CXX_LANGUAGE_STANDARD = "gnu++0x";
				CLANG_CXX_LIBRARY = "libc++";
				CLANG_ENABLE_MODULES = YES;
				CLANG_ENABLE_OBJC_ARC = YES;
				CLANG_WARN_BOOL_CONVERSION = YES;
				CLANG_WARN_CONSTANT_CONVERSION = YES;
				CLANG_WARN_DIRECT_OBJC_ISA_USAGE = YES_ERROR;
				CLANG_WARN_EMPTY_BODY = YES;
				CLANG_WARN_ENUM_CONVERSION = YES;
				CLANG_WARN_INT_CONVERSION = YES;
				CLANG_WARN_OBJC_ROOT_CLASS = YES_ERROR;
				CLANG_WARN_UNREACHABLE_CODE = YES;
				CLANG_WARN__DUPLICATE_METHOD_MATCH = YES;
				"CODE_SIGN_IDENTITY[sdk=iphoneos*]" = "iPhone Developer";
				COPY_PHASE_STRIP = NO;
				DEBUG_INFORMATION_FORMAT = dwarf;
				ENABLE_STRICT_OBJC_MSGSEND = YES;
				ENABLE_TESTABILITY = YES;
				GCC_C_LANGUAGE_STANDARD = gnu99;
				GCC_DYNAMIC_NO_PIC = NO;
				GCC_NO_COMMON_BLOCKS = YES;
				GCC_OPTIMIZATION_LEVEL = 0;
				GCC_PREPROCESSOR_DEFINITIONS = (
					"DEBUG=1",
					"$(inherited)",
				);
				GCC_WARN_64_TO_32_BIT_CONVERSION = YES;
				GCC_WARN_ABOUT_RETURN_TYPE = YES_ERROR;
				GCC_WARN_UNDECLARED_SELECTOR = YES;
				GCC_WARN_UNINITIALIZED_AUTOS = YES_AGGRESSIVE;
				GCC_WARN_UNUSED_FUNCTION = YES;
				GCC_WARN_UNUSED_VARIABLE = YES;
				IPHONEOS_DEPLOYMENT_TARGET = 9.2;
				MTL_ENABLE_DEBUG_INFO = YES;
				ONLY_ACTIVE_ARCH = YES;
				SDKROOT = iphoneos;
				SWIFT_OPTIMIZATION_LEVEL = "-Onone";
				TARGETED_DEVICE_FAMILY = "1,2";
			};
			name = Debug;
		};
		5971DBCE1C8DEEBB000B157F /* Release */ = {
			isa = XCBuildConfiguration;
			buildSettings = {
				ALWAYS_SEARCH_USER_PATHS = NO;
				CLANG_CXX_LANGUAGE_STANDARD = "gnu++0x";
				CLANG_CXX_LIBRARY = "libc++";
				CLANG_ENABLE_MODULES = YES;
				CLANG_ENABLE_OBJC_ARC = YES;
				CLANG_WARN_BOOL_CONVERSION = YES;
				CLANG_WARN_CONSTANT_CONVERSION = YES;
				CLANG_WARN_DIRECT_OBJC_ISA_USAGE = YES_ERROR;
				CLANG_WARN_EMPTY_BODY = YES;
				CLANG_WARN_ENUM_CONVERSION = YES;
				CLANG_WARN_INT_CONVERSION = YES;
				CLANG_WARN_OBJC_ROOT_CLASS = YES_ERROR;
				CLANG_WARN_UNREACHABLE_CODE = YES;
				CLANG_WARN__DUPLICATE_METHOD_MATCH = YES;
				"CODE_SIGN_IDENTITY[sdk=iphoneos*]" = "iPhone Developer";
				COPY_PHASE_STRIP = NO;
				DEBUG_INFORMATION_FORMAT = "dwarf-with-dsym";
				ENABLE_NS_ASSERTIONS = NO;
				ENABLE_STRICT_OBJC_MSGSEND = YES;
				GCC_C_LANGUAGE_STANDARD = gnu99;
				GCC_NO_COMMON_BLOCKS = YES;
				GCC_WARN_64_TO_32_BIT_CONVERSION = YES;
				GCC_WARN_ABOUT_RETURN_TYPE = YES_ERROR;
				GCC_WARN_UNDECLARED_SELECTOR = YES;
				GCC_WARN_UNINITIALIZED_AUTOS = YES_AGGRESSIVE;
				GCC_WARN_UNUSED_FUNCTION = YES;
				GCC_WARN_UNUSED_VARIABLE = YES;
				IPHONEOS_DEPLOYMENT_TARGET = 9.2;
				MTL_ENABLE_DEBUG_INFO = NO;
				SDKROOT = iphoneos;
				TARGETED_DEVICE_FAMILY = "1,2";
				VALIDATE_PRODUCT = YES;
			};
			name = Release;
		};
		5971DBD01C8DEEBB000B157F /* Debug */ = {
			isa = XCBuildConfiguration;
			buildSettings = {
				ASSETCATALOG_COMPILER_APPICON_NAME = AppIcon;
				INFOPLIST_FILE = NumberedLists/Info.plist;
				LD_RUNPATH_SEARCH_PATHS = "$(inherited) @executable_path/Frameworks";
				PRODUCT_BUNDLE_IDENTIFIER = com.lyokotech.NumberedLists;
				PRODUCT_NAME = "$(TARGET_NAME)";
			};
			name = Debug;
		};
		5971DBD11C8DEEBB000B157F /* Release */ = {
			isa = XCBuildConfiguration;
			buildSettings = {
				ASSETCATALOG_COMPILER_APPICON_NAME = AppIcon;
				INFOPLIST_FILE = NumberedLists/Info.plist;
				LD_RUNPATH_SEARCH_PATHS = "$(inherited) @executable_path/Frameworks";
				PRODUCT_BUNDLE_IDENTIFIER = com.lyokotech.NumberedLists;
				PRODUCT_NAME = "$(TARGET_NAME)";
			};
			name = Release;
		};
/* End XCBuildConfiguration section */

/* Begin XCConfigurationList section */
		5971DBB81C8DEEBB000B157F /* Build configuration list for PBXProject "NumberedLists" */ = {
			isa = XCConfigurationList;
			buildConfigurations = (
				5971DBCD1C8DEEBB000B157F /* Debug */,
				5971DBCE1C8DEEBB000B157F /* Release */,
			);
			defaultConfigurationIsVisible = 0;
			defaultConfigurationName = Release;
		};
		5971DBCF1C8DEEBB000B157F /* Build configuration list for PBXNativeTarget "NumberedLists" */ = {
			isa = XCConfigurationList;
			buildConfigurations = (
				5971DBD01C8DEEBB000B157F /* Debug */,
				5971DBD11C8DEEBB000B157F /* Release */,
			);
			defaultConfigurationIsVisible = 0;
		};
/* End XCConfigurationList section */
	};
	rootObject = 5971DBB51C8DEEBB000B157F /* Project object */;
}
